// !$*UTF8*$!
{
	archiveVersion = 1;
	classes = {
	};
	objectVersion = 50;
	objects = {

/* Begin PBXBuildFile section */
		B37E0333264F508C0071A2C4 /* AppDelegate.swift in Sources */ = {isa = PBXBuildFile; fileRef = B37E0332264F508C0071A2C4 /* AppDelegate.swift */; };
		B37E0335264F508C0071A2C4 /* SceneDelegate.swift in Sources */ = {isa = PBXBuildFile; fileRef = B37E0334264F508C0071A2C4 /* SceneDelegate.swift */; };
		B37E0337264F508C0071A2C4 /* ViewController.swift in Sources */ = {isa = PBXBuildFile; fileRef = B37E0336264F508C0071A2C4 /* ViewController.swift */; };
		B37E033A264F508C0071A2C4 /* Main.storyboard in Resources */ = {isa = PBXBuildFile; fileRef = B37E0338264F508C0071A2C4 /* Main.storyboard */; };
		B37E033D264F508C0071A2C4 /* ToDoList21.xcdatamodeld in Sources */ = {isa = PBXBuildFile; fileRef = B37E033B264F508C0071A2C4 /* ToDoList21.xcdatamodeld */; };
		B37E033F264F50920071A2C4 /* Assets.xcassets in Resources */ = {isa = PBXBuildFile; fileRef = B37E033E264F50920071A2C4 /* Assets.xcassets */; };
		B37E0342264F50920071A2C4 /* LaunchScreen.storyboard in Resources */ = {isa = PBXBuildFile; fileRef = B37E0340264F50920071A2C4 /* LaunchScreen.storyboard */; };
/* End PBXBuildFile section */

/* Begin PBXFileReference section */
		B37E032F264F508C0071A2C4 /* ToDoList21.app */ = {isa = PBXFileReference; explicitFileType = wrapper.application; includeInIndex = 0; path = ToDoList21.app; sourceTree = BUILT_PRODUCTS_DIR; };
		B37E0332264F508C0071A2C4 /* AppDelegate.swift */ = {isa = PBXFileReference; lastKnownFileType = sourcecode.swift; path = AppDelegate.swift; sourceTree = "<group>"; };
		B37E0334264F508C0071A2C4 /* SceneDelegate.swift */ = {isa = PBXFileReference; lastKnownFileType = sourcecode.swift; path = SceneDelegate.swift; sourceTree = "<group>"; };
		B37E0336264F508C0071A2C4 /* ViewController.swift */ = {isa = PBXFileReference; lastKnownFileType = sourcecode.swift; path = ViewController.swift; sourceTree = "<group>"; };
		B37E0339264F508C0071A2C4 /* Base */ = {isa = PBXFileReference; lastKnownFileType = file.storyboard; name = Base; path = Base.lproj/Main.storyboard; sourceTree = "<group>"; };
		B37E033C264F508C0071A2C4 /* ToDoList21.xcdatamodel */ = {isa = PBXFileReference; lastKnownFileType = wrapper.xcdatamodel; path = ToDoList21.xcdatamodel; sourceTree = "<group>"; };
		B37E033E264F50920071A2C4 /* Assets.xcassets */ = {isa = PBXFileReference; lastKnownFileType = folder.assetcatalog; path = Assets.xcassets; sourceTree = "<group>"; };
		B37E0341264F50920071A2C4 /* Base */ = {isa = PBXFileReference; lastKnownFileType = file.storyboard; name = Base; path = Base.lproj/LaunchScreen.storyboard; sourceTree = "<group>"; };
		B37E0343264F50920071A2C4 /* Info.plist */ = {isa = PBXFileReference; lastKnownFileType = text.plist.xml; path = Info.plist; sourceTree = "<group>"; };
/* End PBXFileReference section */

/* Begin PBXFrameworksBuildPhase section */
		B37E032C264F508C0071A2C4 /* Frameworks */ = {
			isa = PBXFrameworksBuildPhase;
			buildActionMask = 2147483647;
			files = (
			);
			runOnlyForDeploymentPostprocessing = 0;
		};
/* End PBXFrameworksBuildPhase section */

/* Begin PBXGroup section */
		B37E0326264F508C0071A2C4 = {
			isa = PBXGroup;
			children = (
				B37E0331264F508C0071A2C4 /* ToDoList21 */,
				B37E0330264F508C0071A2C4 /* Products */,
			);
			sourceTree = "<group>";
		};
		B37E0330264F508C0071A2C4 /* Products */ = {
			isa = PBXGroup;
			children = (
				B37E032F264F508C0071A2C4 /* ToDoList21.app */,
			);
			name = Products;
			sourceTree = "<group>";
		};
		B37E0331264F508C0071A2C4 /* ToDoList21 */ = {
			isa = PBXGroup;
			children = (
				B37E0332264F508C0071A2C4 /* AppDelegate.swift */,
				B37E0334264F508C0071A2C4 /* SceneDelegate.swift */,
				B37E0336264F508C0071A2C4 /* ViewController.swift */,
				B37E0338264F508C0071A2C4 /* Main.storyboard */,
				B37E033E264F50920071A2C4 /* Assets.xcassets */,
				B37E0340264F50920071A2C4 /* LaunchScreen.storyboard */,
				B37E0343264F50920071A2C4 /* Info.plist */,
				B37E033B264F508C0071A2C4 /* ToDoList21.xcdatamodeld */,
			);
			path = ToDoList21;
			sourceTree = "<group>";
		};
/* End PBXGroup section */

/* Begin PBXNativeTarget section */
		B37E032E264F508C0071A2C4 /* ToDoList21 */ = {
			isa = PBXNativeTarget;
			buildConfigurationList = B37E0346264F50920071A2C4 /* Build configuration list for PBXNativeTarget "ToDoList21" */;
			buildPhases = (
				B37E032B264F508C0071A2C4 /* Sources */,
				B37E032C264F508C0071A2C4 /* Frameworks */,
				B37E032D264F508C0071A2C4 /* Resources */,
			);
			buildRules = (
			);
			dependencies = (
			);
			name = ToDoList21;
			productName = ToDoList21;
			productReference = B37E032F264F508C0071A2C4 /* ToDoList21.app */;
			productType = "com.apple.product-type.application";
		};
/* End PBXNativeTarget section */

/* Begin PBXProject section */
		B37E0327264F508C0071A2C4 /* Project object */ = {
			isa = PBXProject;
			attributes = {
				LastSwiftUpdateCheck = 1140;
				LastUpgradeCheck = 1140;
				ORGANIZATIONNAME = "Omar Mendez";
				TargetAttributes = {
					B37E032E264F508C0071A2C4 = {
						CreatedOnToolsVersion = 11.4;
					};
				};
			};
			buildConfigurationList = B37E032A264F508C0071A2C4 /* Build configuration list for PBXProject "ToDoList21" */;
			compatibilityVersion = "Xcode 9.3";
			developmentRegion = en;
			hasScannedForEncodings = 0;
			knownRegions = (
				en,
				Base,
			);
			mainGroup = B37E0326264F508C0071A2C4;
			productRefGroup = B37E0330264F508C0071A2C4 /* Products */;
			projectDirPath = "";
			projectRoot = "";
			targets = (
				B37E032E264F508C0071A2C4 /* ToDoList21 */,
			);
		};
/* End PBXProject section */

/* Begin PBXResourcesBuildPhase section */
		B37E032D264F508C0071A2C4 /* Resources */ = {
			isa = PBXResourcesBuildPhase;
			buildActionMask = 2147483647;
			files = (
				B37E0342264F50920071A2C4 /* LaunchScreen.storyboard in Resources */,
				B37E033F264F50920071A2C4 /* Assets.xcassets in Resources */,
				B37E033A264F508C0071A2C4 /* Main.storyboard in Resources */,
			);
			runOnlyForDeploymentPostprocessing = 0;
		};
/* End PBXResourcesBuildPhase section */

/* Begin PBXSourcesBuildPhase section */
		B37E032B264F508C0071A2C4 /* Sources */ = {
			isa = PBXSourcesBuildPhase;
			buildActionMask = 2147483647;
			files = (
				B37E033D264F508C0071A2C4 /* ToDoList21.xcdatamodeld in Sources */,
				B37E0337264F508C0071A2C4 /* ViewController.swift in Sources */,
				B37E0333264F508C0071A2C4 /* AppDelegate.swift in Sources */,
				B37E0335264F508C0071A2C4 /* SceneDelegate.swift in Sources */,
			);
			runOnlyForDeploymentPostprocessing = 0;
		};
/* End PBXSourcesBuildPhase section */

/* Begin PBXVariantGroup section */
		B37E0338264F508C0071A2C4 /* Main.storyboard */ = {
			isa = PBXVariantGroup;
			children = (
				B37E0339264F508C0071A2C4 /* Base */,
			);
			name = Main.storyboard;
			sourceTree = "<group>";
		};
		B37E0340264F50920071A2C4 /* LaunchScreen.storyboard */ = {
			isa = PBXVariantGroup;
			children = (
				B37E0341264F50920071A2C4 /* Base */,
			);
			name = LaunchScreen.storyboard;
			sourceTree = "<group>";
		};
/* End PBXVariantGroup section */

/* Begin XCBuildConfiguration section */
		B37E0344264F50920071A2C4 /* Debug */ = {
			isa = XCBuildConfiguration;
			buildSettings = {
				ALWAYS_SEARCH_USER_PATHS = NO;
				CLANG_ANALYZER_NONNULL = YES;
				CLANG_ANALYZER_NUMBER_OBJECT_CONVERSION = YES_AGGRESSIVE;
				CLANG_CXX_LANGUAGE_STANDARD = "gnu++14";
				CLANG_CXX_LIBRARY = "libc++";
				CLANG_ENABLE_MODULES = YES;
				CLANG_ENABLE_OBJC_ARC = YES;
				CLANG_ENABLE_OBJC_WEAK = YES;
				CLANG_WARN_BLOCK_CAPTURE_AUTORELEASING = YES;
				CLANG_WARN_BOOL_CONVERSION = YES;
				CLANG_WARN_COMMA = YES;
				CLANG_WARN_CONSTANT_CONVERSION = YES;
				CLANG_WARN_DEPRECATED_OBJC_IMPLEMENTATIONS = YES;
				CLANG_WARN_DIRECT_OBJC_ISA_USAGE = YES_ERROR;
				CLANG_WARN_DOCUMENTATION_COMMENTS = YES;
				CLANG_WARN_EMPTY_BODY = YES;
				CLANG_WARN_ENUM_CONVERSION = YES;
				CLANG_WARN_INFINITE_RECURSION = YES;
				CLANG_WARN_INT_CONVERSION = YES;
				CLANG_WARN_NON_LITERAL_NULL_CONVERSION = YES;
				CLANG_WARN_OBJC_IMPLICIT_RETAIN_SELF = YES;
				CLANG_WARN_OBJC_LITERAL_CONVERSION = YES;
				CLANG_WARN_OBJC_ROOT_CLASS = YES_ERROR;
				CLANG_WARN_RANGE_LOOP_ANALYSIS = YES;
				CLANG_WARN_STRICT_PROTOTYPES = YES;
				CLANG_WARN_SUSPICIOUS_MOVE = YES;
				CLANG_WARN_UNGUARDED_AVAILABILITY = YES_AGGRESSIVE;
				CLANG_WARN_UNREACHABLE_CODE = YES;
				CLANG_WARN__DUPLICATE_METHOD_MATCH = YES;
				COPY_PHASE_STRIP = NO;
				DEBUG_INFORMATION_FORMAT = dwarf;
				ENABLE_STRICT_OBJC_MSGSEND = YES;
				ENABLE_TESTABILITY = YES;
				GCC_C_LANGUAGE_STANDARD = gnu11;
				GCC_DYNAMIC_NO_PIC = NO;
				GCC_NO_COMMON_BLOCKS = YES;
				GCC_OPTIMIZATION_LEVEL = 0;
				GCC_PREPROCESSOR_DEFINITIONS = (
					"DEBUG=1",
					"$(inherited)",
				);
				GCC_WARN_64_TO_32_BIT_CONVERSION = YES;
				GCC_WARN_ABOUT_RETURN_TYPE = YES_ERROR;
				GCC_WARN_UNDECLARED_SELECTOR = YES;
				GCC_WARN_UNINITIALIZED_AUTOS = YES_AGGRESSIVE;
				GCC_WARN_UNUSED_FUNCTION = YES;
				GCC_WARN_UNUSED_VARIABLE = YES;
				IPHONEOS_DEPLOYMENT_TARGET = 13.4;
				MTL_ENABLE_DEBUG_INFO = INCLUDE_SOURCE;
				MTL_FAST_MATH = YES;
				ONLY_ACTIVE_ARCH = YES;
				SDKROOT = iphoneos;
				SWIFT_ACTIVE_COMPILATION_CONDITIONS = DEBUG;
				SWIFT_OPTIMIZATION_LEVEL = "-Onone";
			};
			name = Debug;
		};
		B37E0345264F50920071A2C4 /* Release */ = {
			isa = XCBuildConfiguration;
			buildSettings = {
				ALWAYS_SEARCH_USER_PATHS = NO;
				CLANG_ANALYZER_NONNULL = YES;
				CLANG_ANALYZER_NUMBER_OBJECT_CONVERSION = YES_AGGRESSIVE;
				CLANG_CXX_LANGUAGE_STANDARD = "gnu++14";
				CLANG_CXX_LIBRARY = "libc++";
				CLANG_ENABLE_MODULES = YES;
				CLANG_ENABLE_OBJC_ARC = YES;
				CLANG_ENABLE_OBJC_WEAK = YES;
				CLANG_WARN_BLOCK_CAPTURE_AUTORELEASING = YES;
				CLANG_WARN_BOOL_CONVERSION = YES;
				CLANG_WARN_COMMA = YES;
				CLANG_WARN_CONSTANT_CONVERSION = YES;
				CLANG_WARN_DEPRECATED_OBJC_IMPLEMENTATIONS = YES;
				CLANG_WARN_DIRECT_OBJC_ISA_USAGE = YES_ERROR;
				CLANG_WARN_DOCUMENTATION_COMMENTS = YES;
				CLANG_WARN_EMPTY_BODY = YES;
				CLANG_WARN_ENUM_CONVERSION = YES;
				CLANG_WARN_INFINITE_RECURSION = YES;
				CLANG_WARN_INT_CONVERSION = YES;
				CLANG_WARN_NON_LITERAL_NULL_CONVERSION = YES;
				CLANG_WARN_OBJC_IMPLICIT_RETAIN_SELF = YES;
				CLANG_WARN_OBJC_LITERAL_CONVERSION = YES;
				CLANG_WARN_OBJC_ROOT_CLASS = YES_ERROR;
				CLANG_WARN_RANGE_LOOP_ANALYSIS = YES;
				CLANG_WARN_STRICT_PROTOTYPES = YES;
				CLANG_WARN_SUSPICIOUS_MOVE = YES;
				CLANG_WARN_UNGUARDED_AVAILABILITY = YES_AGGRESSIVE;
				CLANG_WARN_UNREACHABLE_CODE = YES;
				CLANG_WARN__DUPLICATE_METHOD_MATCH = YES;
				COPY_PHASE_STRIP = NO;
				DEBUG_INFORMATION_FORMAT = "dwarf-with-dsym";
				ENABLE_NS_ASSERTIONS = NO;
				ENABLE_STRICT_OBJC_MSGSEND = YES;
				GCC_C_LANGUAGE_STANDARD = gnu11;
				GCC_NO_COMMON_BLOCKS = YES;
				GCC_WARN_64_TO_32_BIT_CONVERSION = YES;
				GCC_WARN_ABOUT_RETURN_TYPE = YES_ERROR;
				GCC_WARN_UNDECLARED_SELECTOR = YES;
				GCC_WARN_UNINITIALIZED_AUTOS = YES_AGGRESSIVE;
				GCC_WARN_UNUSED_FUNCTION = YES;
				GCC_WARN_UNUSED_VARIABLE = YES;
				IPHONEOS_DEPLOYMENT_TARGET = 13.4;
				MTL_ENABLE_DEBUG_INFO = NO;
				MTL_FAST_MATH = YES;
				SDKROOT = iphoneos;
				SWIFT_COMPILATION_MODE = wholemodule;
				SWIFT_OPTIMIZATION_LEVEL = "-O";
				VALIDATE_PRODUCT = YES;
			};
			name = Release;
		};
		B37E0347264F50920071A2C4 /* Debug */ = {
			isa = XCBuildConfiguration;
			buildSettings = {
				ASSETCATALOG_COMPILER_APPICON_NAME = AppIcon;
				CODE_SIGN_STYLE = Automatic;
				INFOPLIST_FILE = ToDoList21/Info.plist;
				LD_RUNPATH_SEARCH_PATHS = (
					"$(inherited)",
					"@executable_path/Frameworks",
				);
				PRODUCT_BUNDLE_IDENTIFIER = KWK.ToDoList21;
				PRODUCT_NAME = "$(TARGET_NAME)";
				SWIFT_VERSION = 5.0;
				TARGETED_DEVICE_FAMILY = "1,2";
			};
			name = Debug;
		};
		B37E0348264F50920071A2C4 /* Release */ = {
			isa = XCBuildConfiguration;
			buildSettings = {
				ASSETCATALOG_COMPILER_APPICON_NAME = AppIcon;
				CODE_SIGN_STYLE = Automatic;
				INFOPLIST_FILE = ToDoList21/Info.plist;
				LD_RUNPATH_SEARCH_PATHS = (
					"$(inherited)",
					"@executable_path/Frameworks",
				);
				PRODUCT_BUNDLE_IDENTIFIER = KWK.ToDoList21;
				PRODUCT_NAME = "$(TARGET_NAME)";
				SWIFT_VERSION = 5.0;
				TARGETED_DEVICE_FAMILY = "1,2";
			};
			name = Release;
		};
/* End XCBuildConfiguration section */

/* Begin XCConfigurationList section */
		B37E032A264F508C0071A2C4 /* Build configuration list for PBXProject "ToDoList21" */ = {
			isa = XCConfigurationList;
			buildConfigurations = (
				B37E0344264F50920071A2C4 /* Debug */,
				B37E0345264F50920071A2C4 /* Release */,
			);
			defaultConfigurationIsVisible = 0;
			defaultConfigurationName = Release;
		};
		B37E0346264F50920071A2C4 /* Build configuration list for PBXNativeTarget "ToDoList21" */ = {
			isa = XCConfigurationList;
			buildConfigurations = (
				B37E0347264F50920071A2C4 /* Debug */,
				B37E0348264F50920071A2C4 /* Release */,
			);
			defaultConfigurationIsVisible = 0;
			defaultConfigurationName = Release;
		};
/* End XCConfigurationList section */

/* Begin XCVersionGroup section */
		B37E033B264F508C0071A2C4 /* ToDoList21.xcdatamodeld */ = {
			isa = XCVersionGroup;
			children = (
				B37E033C264F508C0071A2C4 /* ToDoList21.xcdatamodel */,
			);
			currentVersion = B37E033C264F508C0071A2C4 /* ToDoList21.xcdatamodel */;
			path = ToDoList21.xcdatamodeld;
			sourceTree = "<group>";
			versionGroupType = wrapper.xcdatamodel;
		};
/* End XCVersionGroup section */
	};
	rootObject = B37E0327264F508C0071A2C4 /* Project object */;
}
